// !$*UTF8*$!
{
	archiveVersion = 1;
	classes = {
	};
	objectVersion = 77;
	objects = {

/* Begin PBXBuildFile section */
		241AB1C52EE82EE2003E132C /* SlopeService.swift in Sources */ = {isa = PBXBuildFile; fileRef = 241AB1C42EE82ED6003E132C /* SlopeService.swift */; };
		241AB1C72EE83A9C003E132C /* MeasurementView.swift in Sources */ = {isa = PBXBuildFile; fileRef = 241AB1C62EE83A98003E132C /* MeasurementView.swift */; };
		241AB1C92EE83BDD003E132C /* SpinningImage.swift in Sources */ = {isa = PBXBuildFile; fileRef = 241AB1C82EE83BD8003E132C /* SpinningImage.swift */; };
		241AB1CB2EE869DF003E132C /* VideoInstructionView.swift in Sources */ = {isa = PBXBuildFile; fileRef = 241AB1CA2EE869D7003E132C /* VideoInstructionView.swift */; };
		241AB1CF2EE8D2C8003E132C /* TutorialVideoView.swift in Sources */ = {isa = PBXBuildFile; fileRef = 241AB1CE2EE8D2C4003E132C /* TutorialVideoView.swift */; };
		241AB1D12EE8D2F5003E132C /* PuttingSessionView.swift in Sources */ = {isa = PBXBuildFile; fileRef = 241AB1D02EE8D2F1003E132C /* PuttingSessionView.swift */; };
		241AB1D32EE8D307003E132C /* BallDetectionService.swift in Sources */ = {isa = PBXBuildFile; fileRef = 241AB1D22EE8D302003E132C /* BallDetectionService.swift */; };
		241AB1D52EE8D3A0003E132C /* tutorial.mp4 in Resources */ = {isa = PBXBuildFile; fileRef = 241AB1D42EE8D3A0003E132C /* tutorial.mp4 */; };
		241AB1D72EE8D63D003E132C /* Potra.ttf in Resources */ = {isa = PBXBuildFile; fileRef = 241AB1D62EE8D63D003E132C /* Potra.ttf */; };
		241AB1DB2EE8DD65003E132C /* welcome_bg.mp4 in Resources */ = {isa = PBXBuildFile; fileRef = 241AB1DA2EE8DD65003E132C /* welcome_bg.mp4 */; };
		247F1DE12EE6A2AB0061AA9A /* PuttingReading.swift in Sources */ = {isa = PBXBuildFile; fileRef = 247F1DDC2EE6A2AB0061AA9A /* PuttingReading.swift */; };
		247F1DE22EE6A2AB0061AA9A /* AppState.swift in Sources */ = {isa = PBXBuildFile; fileRef = 247F1DD72EE6A2AB0061AA9A /* AppState.swift */; };
		247F1DE32EE6A2AB0061AA9A /* ContentView.swift in Sources */ = {isa = PBXBuildFile; fileRef = 247F1DD82EE6A2AB0061AA9A /* ContentView.swift */; };
		247F1DE42EE6A2AB0061AA9A /* WelcomeView.swift in Sources */ = {isa = PBXBuildFile; fileRef = 247F1DE02EE6A2AB0061AA9A /* WelcomeView.swift */; };
		247F1DE62EE6A2AB0061AA9A /* DialedGolfApp.swift in Sources */ = {isa = PBXBuildFile; fileRef = 247F1DD92EE6A2AB0061AA9A /* DialedGolfApp.swift */; };
		247F1DE82EE6A2AB0061AA9A /* ResultsView.swift in Sources */ = {isa = PBXBuildFile; fileRef = 247F1DDE2EE6A2AB0061AA9A /* ResultsView.swift */; };
		247F1DE92EE6A2AB0061AA9A /* README.md in Resources */ = {isa = PBXBuildFile; fileRef = 247F1DDD2EE6A2AB0061AA9A /* README.md */; };
		247F1DEE2EE6A3A70061AA9A /* ARKit.framework in Frameworks */ = {isa = PBXBuildFile; fileRef = 247F1DED2EE6A3A70061AA9A /* ARKit.framework */; };
		247F1DF22EE7F2EE0061AA9A /* ARDistanceService.swift in Sources */ = {isa = PBXBuildFile; fileRef = 247F1DF12EE7F2E70061AA9A /* ARDistanceService.swift */; };
		247F1DF42EE7F3270061AA9A /* ARViewContainer.swift in Sources */ = {isa = PBXBuildFile; fileRef = 247F1DF32EE7F31F0061AA9A /* ARViewContainer.swift */; };
/* End PBXBuildFile section */

/* Begin PBXFileReference section */
		241AB1C42EE82ED6003E132C /* SlopeService.swift */ = {isa = PBXFileReference; lastKnownFileType = sourcecode.swift; path = SlopeService.swift; sourceTree = "<group>"; };
		241AB1C62EE83A98003E132C /* MeasurementView.swift */ = {isa = PBXFileReference; lastKnownFileType = sourcecode.swift; path = MeasurementView.swift; sourceTree = "<group>"; };
		241AB1C82EE83BD8003E132C /* SpinningImage.swift */ = {isa = PBXFileReference; lastKnownFileType = sourcecode.swift; path = SpinningImage.swift; sourceTree = "<group>"; };
		241AB1CA2EE869D7003E132C /* VideoInstructionView.swift */ = {isa = PBXFileReference; lastKnownFileType = sourcecode.swift; path = VideoInstructionView.swift; sourceTree = "<group>"; };
		241AB1CE2EE8D2C4003E132C /* TutorialVideoView.swift */ = {isa = PBXFileReference; lastKnownFileType = sourcecode.swift; path = TutorialVideoView.swift; sourceTree = "<group>"; };
		241AB1D02EE8D2F1003E132C /* PuttingSessionView.swift */ = {isa = PBXFileReference; lastKnownFileType = sourcecode.swift; path = PuttingSessionView.swift; sourceTree = "<group>"; };
		241AB1D22EE8D302003E132C /* BallDetectionService.swift */ = {isa = PBXFileReference; lastKnownFileType = sourcecode.swift; path = BallDetectionService.swift; sourceTree = "<group>"; };
		241AB1D42EE8D3A0003E132C /* tutorial.mp4 */ = {isa = PBXFileReference; lastKnownFileType = file; path = tutorial.mp4; sourceTree = "<group>"; };
		241AB1D62EE8D63D003E132C /* Potra.ttf */ = {isa = PBXFileReference; lastKnownFileType = file; path = Potra.ttf; sourceTree = "<group>"; };
		241AB1DA2EE8DD65003E132C /* welcome_bg.mp4 */ = {isa = PBXFileReference; lastKnownFileType = file; path = welcome_bg.mp4; sourceTree = "<group>"; };
		247F1DC92EE6A0B00061AA9A /* DialedGolf.app */ = {isa = PBXFileReference; explicitFileType = wrapper.application; includeInIndex = 0; path = DialedGolf.app; sourceTree = BUILT_PRODUCTS_DIR; };
		247F1DD72EE6A2AB0061AA9A /* AppState.swift */ = {isa = PBXFileReference; lastKnownFileType = sourcecode.swift; path = AppState.swift; sourceTree = "<group>"; };
		247F1DD82EE6A2AB0061AA9A /* ContentView.swift */ = {isa = PBXFileReference; lastKnownFileType = sourcecode.swift; path = ContentView.swift; sourceTree = "<group>"; };
		247F1DD92EE6A2AB0061AA9A /* DialedGolfApp.swift */ = {isa = PBXFileReference; lastKnownFileType = sourcecode.swift; path = DialedGolfApp.swift; sourceTree = "<group>"; };
		247F1DDC2EE6A2AB0061AA9A /* PuttingReading.swift */ = {isa = PBXFileReference; lastKnownFileType = sourcecode.swift; path = PuttingReading.swift; sourceTree = "<group>"; };
		247F1DDD2EE6A2AB0061AA9A /* README.md */ = {isa = PBXFileReference; lastKnownFileType = net.daringfireball.markdown; path = README.md; sourceTree = "<group>"; };
		247F1DDE2EE6A2AB0061AA9A /* ResultsView.swift */ = {isa = PBXFileReference; lastKnownFileType = sourcecode.swift; path = ResultsView.swift; sourceTree = "<group>"; };
		247F1DE02EE6A2AB0061AA9A /* WelcomeView.swift */ = {isa = PBXFileReference; lastKnownFileType = sourcecode.swift; path = WelcomeView.swift; sourceTree = "<group>"; };
		247F1DEB2EE6A2B10061AA9A /* DialedGolf-Bridging-Header.h */ = {isa = PBXFileReference; lastKnownFileType = sourcecode.c.h; path = "DialedGolf-Bridging-Header.h"; sourceTree = "<group>"; };
		247F1DED2EE6A3A70061AA9A /* ARKit.framework */ = {isa = PBXFileReference; lastKnownFileType = wrapper.framework; name = ARKit.framework; path = System/Library/Frameworks/ARKit.framework; sourceTree = SDKROOT; };
		247F1DF12EE7F2E70061AA9A /* ARDistanceService.swift */ = {isa = PBXFileReference; lastKnownFileType = sourcecode.swift; path = ARDistanceService.swift; sourceTree = "<group>"; };
		247F1DF32EE7F31F0061AA9A /* ARViewContainer.swift */ = {isa = PBXFileReference; lastKnownFileType = sourcecode.swift; path = ARViewContainer.swift; sourceTree = "<group>"; };
/* End PBXFileReference section */

/* Begin PBXFileSystemSynchronizedBuildFileExceptionSet section */
		241AB1D92EE8D92D003E132C /* Exceptions for "DialedGolf" folder in "DialedGolf" target */ = {
			isa = PBXFileSystemSynchronizedBuildFileExceptionSet;
			membershipExceptions = (
				Info.plist,
			);
			target = 247F1DC82EE6A0B00061AA9A /* DialedGolf */;
		};
/* End PBXFileSystemSynchronizedBuildFileExceptionSet section */

/* Begin PBXFileSystemSynchronizedRootGroup section */
		247F1DCB2EE6A0B00061AA9A /* DialedGolf */ = {
			isa = PBXFileSystemSynchronizedRootGroup;
			exceptions = (
				241AB1D92EE8D92D003E132C /* Exceptions for "DialedGolf" folder in "DialedGolf" target */,
			);
			path = DialedGolf;
			sourceTree = "<group>";
		};
/* End PBXFileSystemSynchronizedRootGroup section */

/* Begin PBXFrameworksBuildPhase section */
		247F1DC62EE6A0B00061AA9A /* Frameworks */ = {
			isa = PBXFrameworksBuildPhase;
			buildActionMask = 2147483647;
			files = (
				247F1DEE2EE6A3A70061AA9A /* ARKit.framework in Frameworks */,
			);
			runOnlyForDeploymentPostprocessing = 0;
		};
/* End PBXFrameworksBuildPhase section */

/* Begin PBXGroup section */
		247F1DC02EE6A0B00061AA9A = {
			isa = PBXGroup;
			children = (
				247F1DCB2EE6A0B00061AA9A /* DialedGolf */,
				247F1DCA2EE6A0B00061AA9A /* Products */,
				247F1DF12EE7F2E70061AA9A /* ARDistanceService.swift */,
				247F1DF32EE7F31F0061AA9A /* ARViewContainer.swift */,
				247F1DD72EE6A2AB0061AA9A /* AppState.swift */,
				247F1DD82EE6A2AB0061AA9A /* ContentView.swift */,
				241AB1CE2EE8D2C4003E132C /* TutorialVideoView.swift */,
				241AB1D02EE8D2F1003E132C /* PuttingSessionView.swift */,
				241AB1D22EE8D302003E132C /* BallDetectionService.swift */,
				241AB1C62EE83A98003E132C /* MeasurementView.swift */,
				247F1DDE2EE6A2AB0061AA9A /* ResultsView.swift */,
				241AB1C42EE82ED6003E132C /* SlopeService.swift */,
				241AB1C82EE83BD8003E132C /* SpinningImage.swift */,
				247F1DE02EE6A2AB0061AA9A /* WelcomeView.swift */,
				247F1DDC2EE6A2AB0061AA9A /* PuttingReading.swift */,
				247F1DD92EE6A2AB0061AA9A /* DialedGolfApp.swift */,
				241AB1CA2EE869D7003E132C /* VideoInstructionView.swift */,
				247F1DDD2EE6A2AB0061AA9A /* README.md */,
				247F1DEB2EE6A2B10061AA9A /* DialedGolf-Bridging-Header.h */,
				241AB1D42EE8D3A0003E132C /* tutorial.mp4 */,
				241AB1DA2EE8DD65003E132C /* welcome_bg.mp4 */,
				241AB1D62EE8D63D003E132C /* Potra.ttf */,
				247F1DEC2EE6A3A70061AA9A /* Frameworks */,
			);
			sourceTree = "<group>";
		};
		247F1DCA2EE6A0B00061AA9A /* Products */ = {
			isa = PBXGroup;
			children = (
				247F1DC92EE6A0B00061AA9A /* DialedGolf.app */,
			);
			name = Products;
			sourceTree = "<group>";
		};
		247F1DEC2EE6A3A70061AA9A /* Frameworks */ = {
			isa = PBXGroup;
			children = (
				247F1DED2EE6A3A70061AA9A /* ARKit.framework */,
			);
			name = Frameworks;
			sourceTree = "<group>";
		};
/* End PBXGroup section */

/* Begin PBXNativeTarget section */
		247F1DC82EE6A0B00061AA9A /* DialedGolf */ = {
			isa = PBXNativeTarget;
			buildConfigurationList = 247F1DD42EE6A0B20061AA9A /* Build configuration list for PBXNativeTarget "DialedGolf" */;
			buildPhases = (
				247F1DC52EE6A0B00061AA9A /* Sources */,
				247F1DC62EE6A0B00061AA9A /* Frameworks */,
				247F1DC72EE6A0B00061AA9A /* Resources */,
			);
			buildRules = (
			);
			dependencies = (
			);
			fileSystemSynchronizedGroups = (
				247F1DCB2EE6A0B00061AA9A /* DialedGolf */,
			);
			name = DialedGolf;
			packageProductDependencies = (
			);
			productName = DialedGolf;
			productReference = 247F1DC92EE6A0B00061AA9A /* DialedGolf.app */;
			productType = "com.apple.product-type.application";
		};
/* End PBXNativeTarget section */

/* Begin PBXProject section */
		247F1DC12EE6A0B00061AA9A /* Project object */ = {
			isa = PBXProject;
			attributes = {
				BuildIndependentTargetsInParallel = 1;
				LastSwiftUpdateCheck = 2610;
				LastUpgradeCheck = 2610;
				TargetAttributes = {
					247F1DC82EE6A0B00061AA9A = {
						CreatedOnToolsVersion = 26.1;
						LastSwiftMigration = 2610;
					};
				};
			};
			buildConfigurationList = 247F1DC42EE6A0B00061AA9A /* Build configuration list for PBXProject "DialedGolf" */;
			developmentRegion = en;
			hasScannedForEncodings = 0;
			knownRegions = (
				en,
				Base,
			);
			mainGroup = 247F1DC02EE6A0B00061AA9A;
			minimizedProjectReferenceProxies = 1;
			preferredProjectObjectVersion = 77;
			productRefGroup = 247F1DCA2EE6A0B00061AA9A /* Products */;
			projectDirPath = "";
			projectRoot = "";
			targets = (
				247F1DC82EE6A0B00061AA9A /* DialedGolf */,
			);
		};
/* End PBXProject section */

/* Begin PBXResourcesBuildPhase section */
		247F1DC72EE6A0B00061AA9A /* Resources */ = {
			isa = PBXResourcesBuildPhase;
			buildActionMask = 2147483647;
			files = (
				241AB1DB2EE8DD65003E132C /* welcome_bg.mp4 in Resources */,
				247F1DE92EE6A2AB0061AA9A /* README.md in Resources */,
				241AB1D52EE8D3A0003E132C /* tutorial.mp4 in Resources */,
				241AB1D72EE8D63D003E132C /* Potra.ttf in Resources */,
			);
			runOnlyForDeploymentPostprocessing = 0;
		};
/* End PBXResourcesBuildPhase section */

/* Begin PBXSourcesBuildPhase section */
		247F1DC52EE6A0B00061AA9A /* Sources */ = {
			isa = PBXSourcesBuildPhase;
			buildActionMask = 2147483647;
			files = (
				247F1DE12EE6A2AB0061AA9A /* PuttingReading.swift in Sources */,
				241AB1D12EE8D2F5003E132C /* PuttingSessionView.swift in Sources */,
				241AB1CF2EE8D2C8003E132C /* TutorialVideoView.swift in Sources */,
				247F1DF22EE7F2EE0061AA9A /* ARDistanceService.swift in Sources */,
				247F1DE22EE6A2AB0061AA9A /* AppState.swift in Sources */,
				247F1DE32EE6A2AB0061AA9A /* ContentView.swift in Sources */,
				247F1DE42EE6A2AB0061AA9A /* WelcomeView.swift in Sources */,
				241AB1CB2EE869DF003E132C /* VideoInstructionView.swift in Sources */,
				241AB1C72EE83A9C003E132C /* MeasurementView.swift in Sources */,
				241AB1C92EE83BDD003E132C /* SpinningImage.swift in Sources */,
				247F1DE62EE6A2AB0061AA9A /* DialedGolfApp.swift in Sources */,
				241AB1C52EE82EE2003E132C /* SlopeService.swift in Sources */,
				247F1DE82EE6A2AB0061AA9A /* ResultsView.swift in Sources */,
				241AB1D32EE8D307003E132C /* BallDetectionService.swift in Sources */,
				247F1DF42EE7F3270061AA9A /* ARViewContainer.swift in Sources */,
			);
			runOnlyForDeploymentPostprocessing = 0;
		};
/* End PBXSourcesBuildPhase section */

/* Begin XCBuildConfiguration section */
		247F1DD22EE6A0B20061AA9A /* Debug */ = {
			isa = XCBuildConfiguration;
			buildSettings = {
				ALWAYS_SEARCH_USER_PATHS = NO;
				ASSETCATALOG_COMPILER_GENERATE_SWIFT_ASSET_SYMBOL_EXTENSIONS = YES;
				CLANG_ANALYZER_NONNULL = YES;
				CLANG_ANALYZER_NUMBER_OBJECT_CONVERSION = YES_AGGRESSIVE;
				CLANG_CXX_LANGUAGE_STANDARD = "gnu++20";
				CLANG_ENABLE_MODULES = YES;
				CLANG_ENABLE_OBJC_ARC = YES;
				CLANG_ENABLE_OBJC_WEAK = YES;
				CLANG_WARN_BLOCK_CAPTURE_AUTORELEASING = YES;
				CLANG_WARN_BOOL_CONVERSION = YES;
				CLANG_WARN_COMMA = YES;
				CLANG_WARN_CONSTANT_CONVERSION = YES;
				CLANG_WARN_DEPRECATED_OBJC_IMPLEMENTATIONS = YES;
				CLANG_WARN_DIRECT_OBJC_ISA_USAGE = YES_ERROR;
				CLANG_WARN_DOCUMENTATION_COMMENTS = YES;
				CLANG_WARN_EMPTY_BODY = YES;
				CLANG_WARN_ENUM_CONVERSION = YES;
				CLANG_WARN_INFINITE_RECURSION = YES;
				CLANG_WARN_INT_CONVERSION = YES;
				CLANG_WARN_NON_LITERAL_NULL_CONVERSION = YES;
				CLANG_WARN_OBJC_IMPLICIT_RETAIN_SELF = YES;
				CLANG_WARN_OBJC_LITERAL_CONVERSION = YES;
				CLANG_WARN_OBJC_ROOT_CLASS = YES_ERROR;
				CLANG_WARN_QUOTED_INCLUDE_IN_FRAMEWORK_HEADER = YES;
				CLANG_WARN_RANGE_LOOP_ANALYSIS = YES;
				CLANG_WARN_STRICT_PROTOTYPES = YES;
				CLANG_WARN_SUSPICIOUS_MOVE = YES;
				CLANG_WARN_UNGUARDED_AVAILABILITY = YES_AGGRESSIVE;
				CLANG_WARN_UNREACHABLE_CODE = YES;
				CLANG_WARN__DUPLICATE_METHOD_MATCH = YES;
				COPY_PHASE_STRIP = NO;
				DEBUG_INFORMATION_FORMAT = dwarf;
				DEVELOPMENT_TEAM = 57F7AC83MF;
				ENABLE_STRICT_OBJC_MSGSEND = YES;
				ENABLE_TESTABILITY = YES;
				ENABLE_USER_SCRIPT_SANDBOXING = YES;
				GCC_C_LANGUAGE_STANDARD = gnu17;
				GCC_DYNAMIC_NO_PIC = NO;
				GCC_NO_COMMON_BLOCKS = YES;
				GCC_OPTIMIZATION_LEVEL = 0;
				GCC_PREPROCESSOR_DEFINITIONS = (
					"DEBUG=1",
					"$(inherited)",
				);
				GCC_WARN_64_TO_32_BIT_CONVERSION = YES;
				GCC_WARN_ABOUT_RETURN_TYPE = YES_ERROR;
				GCC_WARN_UNDECLARED_SELECTOR = YES;
				GCC_WARN_UNINITIALIZED_AUTOS = YES_AGGRESSIVE;
				GCC_WARN_UNUSED_FUNCTION = YES;
				GCC_WARN_UNUSED_VARIABLE = YES;
				INFOPLIST_KEY_NSCameraUsageDescription = "Dialed Golf needs camera access to measure distance on the putting green using AR.";
				INFOPLIST_KEY_NSMotionUsageDescription = "Dialed Golf needs motion sensor access to measure the slope of the putting green.";
				INFOPLIST_KEY_UIRequiredDeviceCapabilities = arkit;
				IPHONEOS_DEPLOYMENT_TARGET = 26.1;
				LOCALIZATION_PREFERS_STRING_CATALOGS = YES;
				MTL_ENABLE_DEBUG_INFO = INCLUDE_SOURCE;
				MTL_FAST_MATH = YES;
				ONLY_ACTIVE_ARCH = YES;
				SDKROOT = iphoneos;
				SWIFT_ACTIVE_COMPILATION_CONDITIONS = "DEBUG $(inherited)";
				SWIFT_OPTIMIZATION_LEVEL = "-Onone";
			};
			name = Debug;
		};
		247F1DD32EE6A0B20061AA9A /* Release */ = {
			isa = XCBuildConfiguration;
			buildSettings = {
				ALWAYS_SEARCH_USER_PATHS = NO;
				ASSETCATALOG_COMPILER_GENERATE_SWIFT_ASSET_SYMBOL_EXTENSIONS = YES;
				CLANG_ANALYZER_NONNULL = YES;
				CLANG_ANALYZER_NUMBER_OBJECT_CONVERSION = YES_AGGRESSIVE;
				CLANG_CXX_LANGUAGE_STANDARD = "gnu++20";
				CLANG_ENABLE_MODULES = YES;
				CLANG_ENABLE_OBJC_ARC = YES;
				CLANG_ENABLE_OBJC_WEAK = YES;
				CLANG_WARN_BLOCK_CAPTURE_AUTORELEASING = YES;
				CLANG_WARN_BOOL_CONVERSION = YES;
				CLANG_WARN_COMMA = YES;
				CLANG_WARN_CONSTANT_CONVERSION = YES;
				CLANG_WARN_DEPRECATED_OBJC_IMPLEMENTATIONS = YES;
				CLANG_WARN_DIRECT_OBJC_ISA_USAGE = YES_ERROR;
				CLANG_WARN_DOCUMENTATION_COMMENTS = YES;
				CLANG_WARN_EMPTY_BODY = YES;
				CLANG_WARN_ENUM_CONVERSION = YES;
				CLANG_WARN_INFINITE_RECURSION = YES;
				CLANG_WARN_INT_CONVERSION = YES;
				CLANG_WARN_NON_LITERAL_NULL_CONVERSION = YES;
				CLANG_WARN_OBJC_IMPLICIT_RETAIN_SELF = YES;
				CLANG_WARN_OBJC_LITERAL_CONVERSION = YES;
				CLANG_WARN_OBJC_ROOT_CLASS = YES_ERROR;
				CLANG_WARN_QUOTED_INCLUDE_IN_FRAMEWORK_HEADER = YES;
				CLANG_WARN_RANGE_LOOP_ANALYSIS = YES;
				CLANG_WARN_STRICT_PROTOTYPES = YES;
				CLANG_WARN_SUSPICIOUS_MOVE = YES;
				CLANG_WARN_UNGUARDED_AVAILABILITY = YES_AGGRESSIVE;
				CLANG_WARN_UNREACHABLE_CODE = YES;
				CLANG_WARN__DUPLICATE_METHOD_MATCH = YES;
				COPY_PHASE_STRIP = NO;
				DEBUG_INFORMATION_FORMAT = "dwarf-with-dsym";
				DEVELOPMENT_TEAM = 57F7AC83MF;
				ENABLE_NS_ASSERTIONS = NO;
				ENABLE_STRICT_OBJC_MSGSEND = YES;
				ENABLE_USER_SCRIPT_SANDBOXING = YES;
				GCC_C_LANGUAGE_STANDARD = gnu17;
				GCC_NO_COMMON_BLOCKS = YES;
				GCC_WARN_64_TO_32_BIT_CONVERSION = YES;
				GCC_WARN_ABOUT_RETURN_TYPE = YES_ERROR;
				GCC_WARN_UNDECLARED_SELECTOR = YES;
				GCC_WARN_UNINITIALIZED_AUTOS = YES_AGGRESSIVE;
				GCC_WARN_UNUSED_FUNCTION = YES;
				GCC_WARN_UNUSED_VARIABLE = YES;
				INFOPLIST_KEY_NSCameraUsageDescription = "Dialed Golf needs camera access to measure distance on the putting green using AR.";
				INFOPLIST_KEY_NSMotionUsageDescription = "Dialed Golf needs motion sensor access to measure the slope of the putting green.";
				INFOPLIST_KEY_UIRequiredDeviceCapabilities = arkit;
				IPHONEOS_DEPLOYMENT_TARGET = 26.1;
				LOCALIZATION_PREFERS_STRING_CATALOGS = YES;
				MTL_ENABLE_DEBUG_INFO = NO;
				MTL_FAST_MATH = YES;
				SDKROOT = iphoneos;
				SWIFT_COMPILATION_MODE = wholemodule;
				VALIDATE_PRODUCT = YES;
			};
			name = Release;
		};
		247F1DD52EE6A0B20061AA9A /* Debug */ = {
			isa = XCBuildConfiguration;
			buildSettings = {
				ASSETCATALOG_COMPILER_APPICON_NAME = AppIcon;
				ASSETCATALOG_COMPILER_GLOBAL_ACCENT_COLOR_NAME = AccentColor;
				CLANG_ENABLE_MODULES = YES;
				CODE_SIGN_STYLE = Automatic;
				CURRENT_PROJECT_VERSION = 1;
				DEVELOPMENT_TEAM = 57F7AC83MF;
				ENABLE_PREVIEWS = YES;
				GENERATE_INFOPLIST_FILE = YES;
				INFOPLIST_FILE = DialedGolf/Info.plist;
				INFOPLIST_KEY_NSCameraUsageDescription = "Dialed Golf needs camera access to measure distance on the putting green using AR.";
				INFOPLIST_KEY_NSMotionUsageDescription = "Dialed Golf needs motion sensor access to measure the slope of the putting green.";
				INFOPLIST_KEY_UIApplicationSceneManifest_Generation = YES;
				INFOPLIST_KEY_UIApplicationSupportsIndirectInputEvents = YES;
				INFOPLIST_KEY_UILaunchScreen_Generation = YES;
				INFOPLIST_KEY_UIRequiredDeviceCapabilities = arkit;
				INFOPLIST_KEY_UISupportedInterfaceOrientations_iPad = "UIInterfaceOrientationPortrait UIInterfaceOrientationPortraitUpsideDown UIInterfaceOrientationLandscapeLeft UIInterfaceOrientationLandscapeRight";
				INFOPLIST_KEY_UISupportedInterfaceOrientations_iPhone = "UIInterfaceOrientationPortrait UIInterfaceOrientationLandscapeLeft UIInterfaceOrientationLandscapeRight";
				LD_RUNPATH_SEARCH_PATHS = (
					"$(inherited)",
					"@executable_path/Frameworks",
				);
				MARKETING_VERSION = 1.0;
				PRODUCT_BUNDLE_IDENTIFIER = com.DialedGolf.DialedGolf;
				PRODUCT_NAME = "$(TARGET_NAME)";
				STRING_CATALOG_GENERATE_SYMBOLS = YES;
				SUPPORTED_PLATFORMS = "iphoneos iphonesimulator";
				SUPPORTS_MACCATALYST = NO;
				SUPPORTS_MAC_DESIGNED_FOR_IPHONE_IPAD = NO;
				SUPPORTS_XR_DESIGNED_FOR_IPHONE_IPAD = NO;
				SWIFT_APPROACHABLE_CONCURRENCY = YES;
				SWIFT_DEFAULT_ACTOR_ISOLATION = MainActor;
				SWIFT_EMIT_LOC_STRINGS = YES;
				SWIFT_OBJC_BRIDGING_HEADER = "DialedGolf-Bridging-Header.h";
				SWIFT_OPTIMIZATION_LEVEL = "-Onone";
				SWIFT_UPCOMING_FEATURE_MEMBER_IMPORT_VISIBILITY = YES;
				SWIFT_VERSION = 5.0;
				TARGETED_DEVICE_FAMILY = 1;
			};
			name = Debug;
		};
		247F1DD62EE6A0B20061AA9A /* Release */ = {
			isa = XCBuildConfiguration;
			buildSettings = {
				ASSETCATALOG_COMPILER_APPICON_NAME = AppIcon;
				ASSETCATALOG_COMPILER_GLOBAL_ACCENT_COLOR_NAME = AccentColor;
				CLANG_ENABLE_MODULES = YES;
				CODE_SIGN_STYLE = Automatic;
				CURRENT_PROJECT_VERSION = 1;
				DEVELOPMENT_TEAM = 57F7AC83MF;
				ENABLE_PREVIEWS = YES;
				GENERATE_INFOPLIST_FILE = YES;
				INFOPLIST_FILE = DialedGolf/Info.plist;
				INFOPLIST_KEY_NSCameraUsageDescription = "Dialed Golf needs camera access to measure distance on the putting green using AR.";
				INFOPLIST_KEY_NSMotionUsageDescription = "Dialed Golf needs motion sensor access to measure the slope of the putting green.";
				INFOPLIST_KEY_UIApplicationSceneManifest_Generation = YES;
				INFOPLIST_KEY_UIApplicationSupportsIndirectInputEvents = YES;
				INFOPLIST_KEY_UILaunchScreen_Generation = YES;
				INFOPLIST_KEY_UIRequiredDeviceCapabilities = arkit;
				INFOPLIST_KEY_UISupportedInterfaceOrientations_iPad = "UIInterfaceOrientationPortrait UIInterfaceOrientationPortraitUpsideDown UIInterfaceOrientationLandscapeLeft UIInterfaceOrientationLandscapeRight";
				INFOPLIST_KEY_UISupportedInterfaceOrientations_iPhone = "UIInterfaceOrientationPortrait UIInterfaceOrientationLandscapeLeft UIInterfaceOrientationLandscapeRight";
				LD_RUNPATH_SEARCH_PATHS = (
					"$(inherited)",
					"@executable_path/Frameworks",
				);
				MARKETING_VERSION = 1.0;
				PRODUCT_BUNDLE_IDENTIFIER = com.DialedGolf.DialedGolf;
				PRODUCT_NAME = "$(TARGET_NAME)";
				STRING_CATALOG_GENERATE_SYMBOLS = YES;
				SUPPORTED_PLATFORMS = "iphoneos iphonesimulator";
				SUPPORTS_MACCATALYST = NO;
				SUPPORTS_MAC_DESIGNED_FOR_IPHONE_IPAD = NO;
				SUPPORTS_XR_DESIGNED_FOR_IPHONE_IPAD = NO;
				SWIFT_APPROACHABLE_CONCURRENCY = YES;
				SWIFT_DEFAULT_ACTOR_ISOLATION = MainActor;
				SWIFT_EMIT_LOC_STRINGS = YES;
				SWIFT_OBJC_BRIDGING_HEADER = "DialedGolf-Bridging-Header.h";
				SWIFT_UPCOMING_FEATURE_MEMBER_IMPORT_VISIBILITY = YES;
				SWIFT_VERSION = 5.0;
				TARGETED_DEVICE_FAMILY = 1;
			};
			name = Release;
		};
/* End XCBuildConfiguration section */

/* Begin XCConfigurationList section */
		247F1DC42EE6A0B00061AA9A /* Build configuration list for PBXProject "DialedGolf" */ = {
			isa = XCConfigurationList;
			buildConfigurations = (
				247F1DD22EE6A0B20061AA9A /* Debug */,
				247F1DD32EE6A0B20061AA9A /* Release */,
			);
			defaultConfigurationIsVisible = 0;
			defaultConfigurationName = Release;
		};
		247F1DD42EE6A0B20061AA9A /* Build configuration list for PBXNativeTarget "DialedGolf" */ = {
			isa = XCConfigurationList;
			buildConfigurations = (
				247F1DD52EE6A0B20061AA9A /* Debug */,
				247F1DD62EE6A0B20061AA9A /* Release */,
			);
			defaultConfigurationIsVisible = 0;
			defaultConfigurationName = Release;
		};
/* End XCConfigurationList section */
	};
	rootObject = 247F1DC12EE6A0B00061AA9A /* Project object */;
}
